
Microsoft Visual Studio Solution File, Format Version 12.00
# Visual Studio Version 16
VisualStudioVersion = 16.0.29920.165
MinimumVisualStudioVersion = 10.0.40219.1
Project("{FAE04EC0-301F-11D3-BF4B-00C04F79EFBC}") = "SI657_QUICKIFY", "SI657_QUICKIFY\SI657_QUICKIFY.csproj", "{39B02974-A4C8-49FF-82D9-7375DA8E6DF9}"
EndProject
Project("{FAE04EC0-301F-11D3-BF4B-00C04F79EFBC}") = "SI657_QUICKIFY.Tests", "SI657_QUICKIFY.Tests\SI657_QUICKIFY.Tests.csproj", "{FDA94CFC-859C-44B6-9457-909A06C20F3E}"
EndProject
Project("{FAE04EC0-301F-11D3-BF4B-00C04F79EFBC}") = "QUICKIFYService", "QUICKIFYService\QUICKIFYService.csproj", "{DC9A0F0B-94D2-4BE8-A368-04050C3D2AAC}"
EndProject
Project("{FAE04EC0-301F-11D3-BF4B-00C04F79EFBC}") = "QUICKIFYRepository", "QUICKIFYRepository\QUICKIFYRepository.csproj", "{C91C651C-68F9-4A01-9EA1-C6A8D42A26CC}"
EndProject
Global
	GlobalSection(SolutionConfigurationPlatforms) = preSolution
		Debug|Any CPU = Debug|Any CPU
		Release|Any CPU = Release|Any CPU
	EndGlobalSection
	GlobalSection(ProjectConfigurationPlatforms) = postSolution
		{39B02974-A4C8-49FF-82D9-7375DA8E6DF9}.Debug|Any CPU.ActiveCfg = Debug|Any CPU
		{39B02974-A4C8-49FF-82D9-7375DA8E6DF9}.Debug|Any CPU.Build.0 = Debug|Any CPU
		{39B02974-A4C8-49FF-82D9-7375DA8E6DF9}.Release|Any CPU.ActiveCfg = Release|Any CPU
		{39B02974-A4C8-49FF-82D9-7375DA8E6DF9}.Release|Any CPU.Build.0 = Release|Any CPU
		{FDA94CFC-859C-44B6-9457-909A06C20F3E}.Debug|Any CPU.ActiveCfg = Debug|Any CPU
		{FDA94CFC-859C-44B6-9457-909A06C20F3E}.Debug|Any CPU.Build.0 = Debug|Any CPU
		{FDA94CFC-859C-44B6-9457-909A06C20F3E}.Release|Any CPU.ActiveCfg = Release|Any CPU
		{FDA94CFC-859C-44B6-9457-909A06C20F3E}.Release|Any CPU.Build.0 = Release|Any CPU
		{DC9A0F0B-94D2-4BE8-A368-04050C3D2AAC}.Debug|Any CPU.ActiveCfg = Debug|Any CPU
		{DC9A0F0B-94D2-4BE8-A368-04050C3D2AAC}.Debug|Any CPU.Build.0 = Debug|Any CPU
		{DC9A0F0B-94D2-4BE8-A368-04050C3D2AAC}.Release|Any CPU.ActiveCfg = Release|Any CPU
		{DC9A0F0B-94D2-4BE8-A368-04050C3D2AAC}.Release|Any CPU.Build.0 = Release|Any CPU
		{C91C651C-68F9-4A01-9EA1-C6A8D42A26CC}.Debug|Any CPU.ActiveCfg = Debug|Any CPU
		{C91C651C-68F9-4A01-9EA1-C6A8D42A26CC}.Debug|Any CPU.Build.0 = Debug|Any CPU
		{C91C651C-68F9-4A01-9EA1-C6A8D42A26CC}.Release|Any CPU.ActiveCfg = Release|Any CPU
		{C91C651C-68F9-4A01-9EA1-C6A8D42A26CC}.Release|Any CPU.Build.0 = Release|Any CPU
	EndGlobalSection
	GlobalSection(SolutionProperties) = preSolution
		HideSolutionNode = FALSE
	EndGlobalSection
	GlobalSection(ExtensibilityGlobals) = postSolution
		SolutionGuid = {EE86D0D2-C0B2-49CB-ACDC-7015697992A7}
	EndGlobalSection
EndGlobal
